
Microsoft Visual Studio Solution File, Format Version 12.00
# Visual Studio Version 17
VisualStudioVersion = 17.4.33122.133
MinimumVisualStudioVersion = 10.0.40219.1
Project("{FAE04EC0-301F-11D3-BF4B-00C04F79EFBC}") = "Exercicio2.02-12", "Exercicio2.02-12\Exercicio2.02-12.csproj", "{BE5CE5D6-786B-47BC-B604-FCCC1B152BF9}"
EndProject
Global
	GlobalSection(SolutionConfigurationPlatforms) = preSolution
		Debug|Any CPU = Debug|Any CPU
		Release|Any CPU = Release|Any CPU
	EndGlobalSection
	GlobalSection(ProjectConfigurationPlatforms) = postSolution
		{BE5CE5D6-786B-47BC-B604-FCCC1B152BF9}.Debug|Any CPU.ActiveCfg = Debug|Any CPU
		{BE5CE5D6-786B-47BC-B604-FCCC1B152BF9}.Debug|Any CPU.Build.0 = Debug|Any CPU
		{BE5CE5D6-786B-47BC-B604-FCCC1B152BF9}.Release|Any CPU.ActiveCfg = Release|Any CPU
		{BE5CE5D6-786B-47BC-B604-FCCC1B152BF9}.Release|Any CPU.Build.0 = Release|Any CPU
	EndGlobalSection
	GlobalSection(SolutionProperties) = preSolution
		HideSolutionNode = FALSE
	EndGlobalSection
	GlobalSection(ExtensibilityGlobals) = postSolution
		SolutionGuid = {954A3ECC-656C-485A-9A0E-0DC4406422C7}
	EndGlobalSection
EndGlobal
